
Microsoft Visual Studio Solution File, Format Version 12.00
# Visual Studio 15
VisualStudioVersion = 15.0.27130.2020
MinimumVisualStudioVersion = 10.0.40219.1
Project("{FAE04EC0-301F-11D3-BF4B-00C04F79EFBC}") = "MenuExample.Android", "MenuExample\MenuExample.Android\MenuExample.Android.csproj", "{04703EDD-ED8A-42D7-AEE7-5092C0095654}"
EndProject
Project("{FAE04EC0-301F-11D3-BF4B-00C04F79EFBC}") = "MenuExample.iOS", "MenuExample\MenuExample.iOS\MenuExample.iOS.csproj", "{20E481D1-456F-4A1E-A1AE-195D2090329E}"
EndProject
Project("{FAE04EC0-301F-11D3-BF4B-00C04F79EFBC}") = "MenuExample.UWP", "MenuExample\MenuExample.UWP\MenuExample.UWP.csproj", "{B03661E0-9506-4620-AD66-8E566B825CFB}"
EndProject
Project("{9A19103F-16F7-4668-BE54-9A1E7A4F7556}") = "MenuExample", "MenuExample\MenuExample\MenuExample.csproj", "{7921AAEA-8BF9-488F-8854-72B127B8F206}"
EndProject
Project("{9A19103F-16F7-4668-BE54-9A1E7A4F7556}") = "ListRepositoryService", "ListRepositoryService\ListRepositoryService.csproj", "{0CCE5E6A-84E6-4D81-80E8-B8E7EC38746D}"
EndProject
Global
	GlobalSection(SolutionConfigurationPlatforms) = preSolution
		Ad-Hoc|Any CPU = Ad-Hoc|Any CPU
		Ad-Hoc|ARM = Ad-Hoc|ARM
		Ad-Hoc|iPhone = Ad-Hoc|iPhone
		Ad-Hoc|iPhoneSimulator = Ad-Hoc|iPhoneSimulator
		Ad-Hoc|x64 = Ad-Hoc|x64
		Ad-Hoc|x86 = Ad-Hoc|x86
		AppStore|Any CPU = AppStore|Any CPU
		AppStore|ARM = AppStore|ARM
		AppStore|iPhone = AppStore|iPhone
		AppStore|iPhoneSimulator = AppStore|iPhoneSimulator
		AppStore|x64 = AppStore|x64
		AppStore|x86 = AppStore|x86
		Debug|Any CPU = Debug|Any CPU
		Debug|ARM = Debug|ARM
		Debug|iPhone = Debug|iPhone
		Debug|iPhoneSimulator = Debug|iPhoneSimulator
		Debug|x64 = Debug|x64
		Debug|x86 = Debug|x86
		Release|Any CPU = Release|Any CPU
		Release|ARM = Release|ARM
		Release|iPhone = Release|iPhone
		Release|iPhoneSimulator = Release|iPhoneSimulator
		Release|x64 = Release|x64
		Release|x86 = Release|x86
	EndGlobalSection
	GlobalSection(ProjectConfigurationPlatforms) = postSolution
		{04703EDD-ED8A-42D7-AEE7-5092C0095654}.Ad-Hoc|Any CPU.ActiveCfg = Release|Any CPU
		{04703EDD-ED8A-42D7-AEE7-5092C0095654}.Ad-Hoc|Any CPU.Build.0 = Release|Any CPU
		{04703EDD-ED8A-42D7-AEE7-5092C0095654}.Ad-Hoc|Any CPU.Deploy.0 = Release|Any CPU
		{04703EDD-ED8A-42D7-AEE7-5092C0095654}.Ad-Hoc|ARM.ActiveCfg = Release|Any CPU
		{04703EDD-ED8A-42D7-AEE7-5092C0095654}.Ad-Hoc|ARM.Build.0 = Release|Any CPU
		{04703EDD-ED8A-42D7-AEE7-5092C0095654}.Ad-Hoc|ARM.Deploy.0 = Release|Any CPU
		{04703EDD-ED8A-42D7-AEE7-5092C0095654}.Ad-Hoc|iPhone.ActiveCfg = Release|Any CPU
		{04703EDD-ED8A-42D7-AEE7-5092C0095654}.Ad-Hoc|iPhone.Build.0 = Release|Any CPU
		{04703EDD-ED8A-42D7-AEE7-5092C0095654}.Ad-Hoc|iPhone.Deploy.0 = Release|Any CPU
		{04703EDD-ED8A-42D7-AEE7-5092C0095654}.Ad-Hoc|iPhoneSimulator.ActiveCfg = Release|Any CPU
		{04703EDD-ED8A-42D7-AEE7-5092C0095654}.Ad-Hoc|iPhoneSimulator.Build.0 = Release|Any CPU
		{04703EDD-ED8A-42D7-AEE7-5092C0095654}.Ad-Hoc|iPhoneSimulator.Deploy.0 = Release|Any CPU
		{04703EDD-ED8A-42D7-AEE7-5092C0095654}.Ad-Hoc|x64.ActiveCfg = Release|Any CPU
		{04703EDD-ED8A-42D7-AEE7-5092C0095654}.Ad-Hoc|x64.Build.0 = Release|Any CPU
		{04703EDD-ED8A-42D7-AEE7-5092C0095654}.Ad-Hoc|x64.Deploy.0 = Release|Any CPU
		{04703EDD-ED8A-42D7-AEE7-5092C0095654}.Ad-Hoc|x86.ActiveCfg = Release|Any CPU
		{04703EDD-ED8A-42D7-AEE7-5092C0095654}.Ad-Hoc|x86.Build.0 = Release|Any CPU
		{04703EDD-ED8A-42D7-AEE7-5092C0095654}.Ad-Hoc|x86.Deploy.0 = Release|Any CPU
		{04703EDD-ED8A-42D7-AEE7-5092C0095654}.AppStore|Any CPU.ActiveCfg = Release|Any CPU
		{04703EDD-ED8A-42D7-AEE7-5092C0095654}.AppStore|Any CPU.Build.0 = Release|Any CPU
		{04703EDD-ED8A-42D7-AEE7-5092C0095654}.AppStore|Any CPU.Deploy.0 = Release|Any CPU
		{04703EDD-ED8A-42D7-AEE7-5092C0095654}.AppStore|ARM.ActiveCfg = Release|Any CPU
		{04703EDD-ED8A-42D7-AEE7-5092C0095654}.AppStore|ARM.Build.0 = Release|Any CPU
		{04703EDD-ED8A-42D7-AEE7-5092C0095654}.AppStore|ARM.Deploy.0 = Release|Any CPU
		{04703EDD-ED8A-42D7-AEE7-5092C0095654}.AppStore|iPhone.ActiveCfg = Release|Any CPU
		{04703EDD-ED8A-42D7-AEE7-5092C0095654}.AppStore|iPhone.Build.0 = Release|Any CPU
		{04703EDD-ED8A-42D7-AEE7-5092C0095654}.AppStore|iPhone.Deploy.0 = Release|Any CPU
		{04703EDD-ED8A-42D7-AEE7-5092C0095654}.AppStore|iPhoneSimulator.ActiveCfg = Release|Any CPU
		{04703EDD-ED8A-42D7-AEE7-5092C0095654}.AppStore|iPhoneSimulator.Build.0 = Release|Any CPU
		{04703EDD-ED8A-42D7-AEE7-5092C0095654}.AppStore|iPhoneSimulator.Deploy.0 = Release|Any CPU
		{04703EDD-ED8A-42D7-AEE7-5092C0095654}.AppStore|x64.ActiveCfg = Release|Any CPU
		{04703EDD-ED8A-42D7-AEE7-5092C0095654}.AppStore|x64.Build.0 = Release|Any CPU
		{04703EDD-ED8A-42D7-AEE7-5092C0095654}.AppStore|x64.Deploy.0 = Release|Any CPU
		{04703EDD-ED8A-42D7-AEE7-5092C0095654}.AppStore|x86.ActiveCfg = Release|Any CPU
		{04703EDD-ED8A-42D7-AEE7-5092C0095654}.AppStore|x86.Build.0 = Release|Any CPU
		{04703EDD-ED8A-42D7-AEE7-5092C0095654}.AppStore|x86.Deploy.0 = Release|Any CPU
		{04703EDD-ED8A-42D7-AEE7-5092C0095654}.Debug|Any CPU.ActiveCfg = Debug|Any CPU
		{04703EDD-ED8A-42D7-AEE7-5092C0095654}.Debug|Any CPU.Build.0 = Debug|Any CPU
		{04703EDD-ED8A-42D7-AEE7-5092C0095654}.Debug|Any CPU.Deploy.0 = Debug|Any CPU
		{04703EDD-ED8A-42D7-AEE7-5092C0095654}.Debug|ARM.ActiveCfg = Debug|Any CPU
		{04703EDD-ED8A-42D7-AEE7-5092C0095654}.Debug|ARM.Build.0 = Debug|Any CPU
		{04703EDD-ED8A-42D7-AEE7-5092C0095654}.Debug|ARM.Deploy.0 = Debug|Any CPU
		{04703EDD-ED8A-42D7-AEE7-5092C0095654}.Debug|iPhone.ActiveCfg = Debug|Any CPU
		{04703EDD-ED8A-42D7-AEE7-5092C0095654}.Debug|iPhone.Build.0 = Debug|Any CPU
		{04703EDD-ED8A-42D7-AEE7-5092C0095654}.Debug|iPhone.Deploy.0 = Debug|Any CPU
		{04703EDD-ED8A-42D7-AEE7-5092C0095654}.Debug|iPhoneSimulator.ActiveCfg = Debug|Any CPU
		{04703EDD-ED8A-42D7-AEE7-5092C0095654}.Debug|iPhoneSimulator.Build.0 = Debug|Any CPU
		{04703EDD-ED8A-42D7-AEE7-5092C0095654}.Debug|iPhoneSimulator.Deploy.0 = Debug|Any CPU
		{04703EDD-ED8A-42D7-AEE7-5092C0095654}.Debug|x64.ActiveCfg = Debug|Any CPU
		{04703EDD-ED8A-42D7-AEE7-5092C0095654}.Debug|x64.Build.0 = Debug|Any CPU
		{04703EDD-ED8A-42D7-AEE7-5092C0095654}.Debug|x64.Deploy.0 = Debug|Any CPU
		{04703EDD-ED8A-42D7-AEE7-5092C0095654}.Debug|x86.ActiveCfg = Debug|Any CPU
		{04703EDD-ED8A-42D7-AEE7-5092C0095654}.Debug|x86.Build.0 = Debug|Any CPU
		{04703EDD-ED8A-42D7-AEE7-5092C0095654}.Debug|x86.Deploy.0 = Debug|Any CPU
		{04703EDD-ED8A-42D7-AEE7-5092C0095654}.Release|Any CPU.ActiveCfg = Release|Any CPU
		{04703EDD-ED8A-42D7-AEE7-5092C0095654}.Release|Any CPU.Build.0 = Release|Any CPU
		{04703EDD-ED8A-42D7-AEE7-5092C0095654}.Release|Any CPU.Deploy.0 = Release|Any CPU
		{04703EDD-ED8A-42D7-AEE7-5092C0095654}.Release|ARM.ActiveCfg = Release|Any CPU
		{04703EDD-ED8A-42D7-AEE7-5092C0095654}.Release|ARM.Build.0 = Release|Any CPU
		{04703EDD-ED8A-42D7-AEE7-5092C0095654}.Release|ARM.Deploy.0 = Release|Any CPU
		{04703EDD-ED8A-42D7-AEE7-5092C0095654}.Release|iPhone.ActiveCfg = Release|Any CPU
		{04703EDD-ED8A-42D7-AEE7-5092C0095654}.Release|iPhone.Build.0 = Release|Any CPU
		{04703EDD-ED8A-42D7-AEE7-5092C0095654}.Release|iPhone.Deploy.0 = Release|Any CPU
		{04703EDD-ED8A-42D7-AEE7-5092C0095654}.Release|iPhoneSimulator.ActiveCfg = Release|Any CPU
		{04703EDD-ED8A-42D7-AEE7-5092C0095654}.Release|iPhoneSimulator.Build.0 = Release|Any CPU
		{04703EDD-ED8A-42D7-AEE7-5092C0095654}.Release|iPhoneSimulator.Deploy.0 = Release|Any CPU
		{04703EDD-ED8A-42D7-AEE7-5092C0095654}.Release|x64.ActiveCfg = Release|Any CPU
		{04703EDD-ED8A-42D7-AEE7-5092C0095654}.Release|x64.Build.0 = Release|Any CPU
		{04703EDD-ED8A-42D7-AEE7-5092C0095654}.Release|x64.Deploy.0 = Release|Any CPU
		{04703EDD-ED8A-42D7-AEE7-5092C0095654}.Release|x86.ActiveCfg = Release|Any CPU
		{04703EDD-ED8A-42D7-AEE7-5092C0095654}.Release|x86.Build.0 = Release|Any CPU
		{04703EDD-ED8A-42D7-AEE7-5092C0095654}.Release|x86.Deploy.0 = Release|Any CPU
		{20E481D1-456F-4A1E-A1AE-195D2090329E}.Ad-Hoc|Any CPU.ActiveCfg = Ad-Hoc|iPhone
		{20E481D1-456F-4A1E-A1AE-195D2090329E}.Ad-Hoc|ARM.ActiveCfg = Ad-Hoc|iPhone
		{20E481D1-456F-4A1E-A1AE-195D2090329E}.Ad-Hoc|iPhone.ActiveCfg = Ad-Hoc|iPhone
		{20E481D1-456F-4A1E-A1AE-195D2090329E}.Ad-Hoc|iPhone.Build.0 = Ad-Hoc|iPhone
		{20E481D1-456F-4A1E-A1AE-195D2090329E}.Ad-Hoc|iPhoneSimulator.ActiveCfg = Ad-Hoc|iPhoneSimulator
		{20E481D1-456F-4A1E-A1AE-195D2090329E}.Ad-Hoc|iPhoneSimulator.Build.0 = Ad-Hoc|iPhoneSimulator
		{20E481D1-456F-4A1E-A1AE-195D2090329E}.Ad-Hoc|x64.ActiveCfg = Ad-Hoc|iPhone
		{20E481D1-456F-4A1E-A1AE-195D2090329E}.Ad-Hoc|x86.ActiveCfg = Ad-Hoc|iPhone
		{20E481D1-456F-4A1E-A1AE-195D2090329E}.AppStore|Any CPU.ActiveCfg = AppStore|iPhone
		{20E481D1-456F-4A1E-A1AE-195D2090329E}.AppStore|ARM.ActiveCfg = AppStore|iPhone
		{20E481D1-456F-4A1E-A1AE-195D2090329E}.AppStore|iPhone.ActiveCfg = AppStore|iPhone
		{20E481D1-456F-4A1E-A1AE-195D2090329E}.AppStore|iPhone.Build.0 = AppStore|iPhone
		{20E481D1-456F-4A1E-A1AE-195D2090329E}.AppStore|iPhoneSimulator.ActiveCfg = AppStore|iPhoneSimulator
		{20E481D1-456F-4A1E-A1AE-195D2090329E}.AppStore|iPhoneSimulator.Build.0 = AppStore|iPhoneSimulator
		{20E481D1-456F-4A1E-A1AE-195D2090329E}.AppStore|x64.ActiveCfg = AppStore|iPhone
		{20E481D1-456F-4A1E-A1AE-195D2090329E}.AppStore|x86.ActiveCfg = AppStore|iPhone
		{20E481D1-456F-4A1E-A1AE-195D2090329E}.Debug|Any CPU.ActiveCfg = Debug|iPhone
		{20E481D1-456F-4A1E-A1AE-195D2090329E}.Debug|ARM.ActiveCfg = Debug|iPhone
		{20E481D1-456F-4A1E-A1AE-195D2090329E}.Debug|iPhone.ActiveCfg = Debug|iPhone
		{20E481D1-456F-4A1E-A1AE-195D2090329E}.Debug|iPhone.Build.0 = Debug|iPhone
		{20E481D1-456F-4A1E-A1AE-195D2090329E}.Debug|iPhoneSimulator.ActiveCfg = Debug|iPhoneSimulator
		{20E481D1-456F-4A1E-A1AE-195D2090329E}.Debug|iPhoneSimulator.Build.0 = Debug|iPhoneSimulator
		{20E481D1-456F-4A1E-A1AE-195D2090329E}.Debug|x64.ActiveCfg = Debug|iPhone
		{20E481D1-456F-4A1E-A1AE-195D2090329E}.Debug|x86.ActiveCfg = Debug|iPhone
		{20E481D1-456F-4A1E-A1AE-195D2090329E}.Release|Any CPU.ActiveCfg = Release|iPhone
		{20E481D1-456F-4A1E-A1AE-195D2090329E}.Release|ARM.ActiveCfg = Release|iPhone
		{20E481D1-456F-4A1E-A1AE-195D2090329E}.Release|iPhone.ActiveCfg = Release|iPhone
		{20E481D1-456F-4A1E-A1AE-195D2090329E}.Release|iPhone.Build.0 = Release|iPhone
		{20E481D1-456F-4A1E-A1AE-195D2090329E}.Release|iPhoneSimulator.ActiveCfg = Release|iPhoneSimulator
		{20E481D1-456F-4A1E-A1AE-195D2090329E}.Release|iPhoneSimulator.Build.0 = Release|iPhoneSimulator
		{20E481D1-456F-4A1E-A1AE-195D2090329E}.Release|x64.ActiveCfg = Release|iPhone
		{20E481D1-456F-4A1E-A1AE-195D2090329E}.Release|x86.ActiveCfg = Release|iPhone
		{B03661E0-9506-4620-AD66-8E566B825CFB}.Ad-Hoc|Any CPU.ActiveCfg = Release|x86
		{B03661E0-9506-4620-AD66-8E566B825CFB}.Ad-Hoc|Any CPU.Build.0 = Release|x86
		{B03661E0-9506-4620-AD66-8E566B825CFB}.Ad-Hoc|Any CPU.Deploy.0 = Release|x86
		{B03661E0-9506-4620-AD66-8E566B825CFB}.Ad-Hoc|ARM.ActiveCfg = Release|ARM
		{B03661E0-9506-4620-AD66-8E566B825CFB}.Ad-Hoc|ARM.Build.0 = Release|ARM
		{B03661E0-9506-4620-AD66-8E566B825CFB}.Ad-Hoc|ARM.Deploy.0 = Release|ARM
		{B03661E0-9506-4620-AD66-8E566B825CFB}.Ad-Hoc|iPhone.ActiveCfg = Release|x86
		{B03661E0-9506-4620-AD66-8E566B825CFB}.Ad-Hoc|iPhone.Build.0 = Release|x86
		{B03661E0-9506-4620-AD66-8E566B825CFB}.Ad-Hoc|iPhone.Deploy.0 = Release|x86
		{B03661E0-9506-4620-AD66-8E566B825CFB}.Ad-Hoc|iPhoneSimulator.ActiveCfg = Release|x86
		{B03661E0-9506-4620-AD66-8E566B825CFB}.Ad-Hoc|iPhoneSimulator.Build.0 = Release|x86
		{B03661E0-9506-4620-AD66-8E566B825CFB}.Ad-Hoc|iPhoneSimulator.Deploy.0 = Release|x86
		{B03661E0-9506-4620-AD66-8E566B825CFB}.Ad-Hoc|x64.ActiveCfg = Release|x64
		{B03661E0-9506-4620-AD66-8E566B825CFB}.Ad-Hoc|x64.Build.0 = Release|x64
		{B03661E0-9506-4620-AD66-8E566B825CFB}.Ad-Hoc|x64.Deploy.0 = Release|x64
		{B03661E0-9506-4620-AD66-8E566B825CFB}.Ad-Hoc|x86.ActiveCfg = Release|x86
		{B03661E0-9506-4620-AD66-8E566B825CFB}.Ad-Hoc|x86.Build.0 = Release|x86
		{B03661E0-9506-4620-AD66-8E566B825CFB}.Ad-Hoc|x86.Deploy.0 = Release|x86
		{B03661E0-9506-4620-AD66-8E566B825CFB}.AppStore|Any CPU.ActiveCfg = Release|x86
		{B03661E0-9506-4620-AD66-8E566B825CFB}.AppStore|Any CPU.Build.0 = Release|x86
		{B03661E0-9506-4620-AD66-8E566B825CFB}.AppStore|Any CPU.Deploy.0 = Release|x86
		{B03661E0-9506-4620-AD66-8E566B825CFB}.AppStore|ARM.ActiveCfg = Release|ARM
		{B03661E0-9506-4620-AD66-8E566B825CFB}.AppStore|ARM.Build.0 = Release|ARM
		{B03661E0-9506-4620-AD66-8E566B825CFB}.AppStore|ARM.Deploy.0 = Release|ARM
		{B03661E0-9506-4620-AD66-8E566B825CFB}.AppStore|iPhone.ActiveCfg = Release|x86
		{B03661E0-9506-4620-AD66-8E566B825CFB}.AppStore|iPhone.Build.0 = Release|x86
		{B03661E0-9506-4620-AD66-8E566B825CFB}.AppStore|iPhone.Deploy.0 = Release|x86
		{B03661E0-9506-4620-AD66-8E566B825CFB}.AppStore|iPhoneSimulator.ActiveCfg = Release|x86
		{B03661E0-9506-4620-AD66-8E566B825CFB}.AppStore|iPhoneSimulator.Build.0 = Release|x86
		{B03661E0-9506-4620-AD66-8E566B825CFB}.AppStore|iPhoneSimulator.Deploy.0 = Release|x86
		{B03661E0-9506-4620-AD66-8E566B825CFB}.AppStore|x64.ActiveCfg = Release|x64
		{B03661E0-9506-4620-AD66-8E566B825CFB}.AppStore|x64.Build.0 = Release|x64
		{B03661E0-9506-4620-AD66-8E566B825CFB}.AppStore|x64.Deploy.0 = Release|x64
		{B03661E0-9506-4620-AD66-8E566B825CFB}.AppStore|x86.ActiveCfg = Release|x86
		{B03661E0-9506-4620-AD66-8E566B825CFB}.AppStore|x86.Build.0 = Release|x86
		{B03661E0-9506-4620-AD66-8E566B825CFB}.AppStore|x86.Deploy.0 = Release|x86
		{B03661E0-9506-4620-AD66-8E566B825CFB}.Debug|Any CPU.ActiveCfg = Debug|x86
		{B03661E0-9506-4620-AD66-8E566B825CFB}.Debug|ARM.ActiveCfg = Debug|ARM
		{B03661E0-9506-4620-AD66-8E566B825CFB}.Debug|ARM.Build.0 = Debug|ARM
		{B03661E0-9506-4620-AD66-8E566B825CFB}.Debug|ARM.Deploy.0 = Debug|ARM
		{B03661E0-9506-4620-AD66-8E566B825CFB}.Debug|iPhone.ActiveCfg = Debug|x86
		{B03661E0-9506-4620-AD66-8E566B825CFB}.Debug|iPhoneSimulator.ActiveCfg = Debug|x86
		{B03661E0-9506-4620-AD66-8E566B825CFB}.Debug|x64.ActiveCfg = Debug|x64
		{B03661E0-9506-4620-AD66-8E566B825CFB}.Debug|x64.Build.0 = Debug|x64
		{B03661E0-9506-4620-AD66-8E566B825CFB}.Debug|x64.Deploy.0 = Debug|x64
		{B03661E0-9506-4620-AD66-8E566B825CFB}.Debug|x86.ActiveCfg = Debug|x86
		{B03661E0-9506-4620-AD66-8E566B825CFB}.Debug|x86.Build.0 = Debug|x86
		{B03661E0-9506-4620-AD66-8E566B825CFB}.Debug|x86.Deploy.0 = Debug|x86
		{B03661E0-9506-4620-AD66-8E566B825CFB}.Release|Any CPU.ActiveCfg = Release|x86
		{B03661E0-9506-4620-AD66-8E566B825CFB}.Release|ARM.ActiveCfg = Release|ARM
		{B03661E0-9506-4620-AD66-8E566B825CFB}.Release|ARM.Build.0 = Release|ARM
		{B03661E0-9506-4620-AD66-8E566B825CFB}.Release|ARM.Deploy.0 = Release|ARM
		{B03661E0-9506-4620-AD66-8E566B825CFB}.Release|iPhone.ActiveCfg = Release|x86
		{B03661E0-9506-4620-AD66-8E566B825CFB}.Release|iPhoneSimulator.ActiveCfg = Release|x86
		{B03661E0-9506-4620-AD66-8E566B825CFB}.Release|x64.ActiveCfg = Release|x64
		{B03661E0-9506-4620-AD66-8E566B825CFB}.Release|x64.Build.0 = Release|x64
		{B03661E0-9506-4620-AD66-8E566B825CFB}.Release|x64.Deploy.0 = Release|x64
		{B03661E0-9506-4620-AD66-8E566B825CFB}.Release|x86.ActiveCfg = Release|x86
		{B03661E0-9506-4620-AD66-8E566B825CFB}.Release|x86.Build.0 = Release|x86
		{B03661E0-9506-4620-AD66-8E566B825CFB}.Release|x86.Deploy.0 = Release|x86
		{7921AAEA-8BF9-488F-8854-72B127B8F206}.Ad-Hoc|Any CPU.ActiveCfg = Debug|Any CPU
		{7921AAEA-8BF9-488F-8854-72B127B8F206}.Ad-Hoc|Any CPU.Build.0 = Debug|Any CPU
		{7921AAEA-8BF9-488F-8854-72B127B8F206}.Ad-Hoc|ARM.ActiveCfg = Debug|Any CPU
		{7921AAEA-8BF9-488F-8854-72B127B8F206}.Ad-Hoc|ARM.Build.0 = Debug|Any CPU
		{7921AAEA-8BF9-488F-8854-72B127B8F206}.Ad-Hoc|iPhone.ActiveCfg = Debug|Any CPU
		{7921AAEA-8BF9-488F-8854-72B127B8F206}.Ad-Hoc|iPhone.Build.0 = Debug|Any CPU
		{7921AAEA-8BF9-488F-8854-72B127B8F206}.Ad-Hoc|iPhoneSimulator.ActiveCfg = Debug|Any CPU
		{7921AAEA-8BF9-488F-8854-72B127B8F206}.Ad-Hoc|iPhoneSimulator.Build.0 = Debug|Any CPU
		{7921AAEA-8BF9-488F-8854-72B127B8F206}.Ad-Hoc|x64.ActiveCfg = Debug|Any CPU
		{7921AAEA-8BF9-488F-8854-72B127B8F206}.Ad-Hoc|x64.Build.0 = Debug|Any CPU
		{7921AAEA-8BF9-488F-8854-72B127B8F206}.Ad-Hoc|x86.ActiveCfg = Debug|Any CPU
		{7921AAEA-8BF9-488F-8854-72B127B8F206}.Ad-Hoc|x86.Build.0 = Debug|Any CPU
		{7921AAEA-8BF9-488F-8854-72B127B8F206}.AppStore|Any CPU.ActiveCfg = Debug|Any CPU
		{7921AAEA-8BF9-488F-8854-72B127B8F206}.AppStore|Any CPU.Build.0 = Debug|Any CPU
		{7921AAEA-8BF9-488F-8854-72B127B8F206}.AppStore|ARM.ActiveCfg = Debug|Any CPU
		{7921AAEA-8BF9-488F-8854-72B127B8F206}.AppStore|ARM.Build.0 = Debug|Any CPU
		{7921AAEA-8BF9-488F-8854-72B127B8F206}.AppStore|iPhone.ActiveCfg = Debug|Any CPU
		{7921AAEA-8BF9-488F-8854-72B127B8F206}.AppStore|iPhone.Build.0 = Debug|Any CPU
		{7921AAEA-8BF9-488F-8854-72B127B8F206}.AppStore|iPhoneSimulator.ActiveCfg = Debug|Any CPU
		{7921AAEA-8BF9-488F-8854-72B127B8F206}.AppStore|iPhoneSimulator.Build.0 = Debug|Any CPU
		{7921AAEA-8BF9-488F-8854-72B127B8F206}.AppStore|x64.ActiveCfg = Debug|Any CPU
		{7921AAEA-8BF9-488F-8854-72B127B8F206}.AppStore|x64.Build.0 = Debug|Any CPU
		{7921AAEA-8BF9-488F-8854-72B127B8F206}.AppStore|x86.ActiveCfg = Debug|Any CPU
		{7921AAEA-8BF9-488F-8854-72B127B8F206}.AppStore|x86.Build.0 = Debug|Any CPU
		{7921AAEA-8BF9-488F-8854-72B127B8F206}.Debug|Any CPU.ActiveCfg = Debug|Any CPU
		{7921AAEA-8BF9-488F-8854-72B127B8F206}.Debug|Any CPU.Build.0 = Debug|Any CPU
		{7921AAEA-8BF9-488F-8854-72B127B8F206}.Debug|ARM.ActiveCfg = Debug|Any CPU
		{7921AAEA-8BF9-488F-8854-72B127B8F206}.Debug|ARM.Build.0 = Debug|Any CPU
		{7921AAEA-8BF9-488F-8854-72B127B8F206}.Debug|iPhone.ActiveCfg = Debug|Any CPU
		{7921AAEA-8BF9-488F-8854-72B127B8F206}.Debug|iPhone.Build.0 = Debug|Any CPU
		{7921AAEA-8BF9-488F-8854-72B127B8F206}.Debug|iPhoneSimulator.ActiveCfg = Debug|Any CPU
		{7921AAEA-8BF9-488F-8854-72B127B8F206}.Debug|iPhoneSimulator.Build.0 = Debug|Any CPU
		{7921AAEA-8BF9-488F-8854-72B127B8F206}.Debug|x64.ActiveCfg = Debug|Any CPU
		{7921AAEA-8BF9-488F-8854-72B127B8F206}.Debug|x64.Build.0 = Debug|Any CPU
		{7921AAEA-8BF9-488F-8854-72B127B8F206}.Debug|x86.ActiveCfg = Debug|Any CPU
		{7921AAEA-8BF9-488F-8854-72B127B8F206}.Debug|x86.Build.0 = Debug|Any CPU
		{7921AAEA-8BF9-488F-8854-72B127B8F206}.Release|Any CPU.ActiveCfg = Release|Any CPU
		{7921AAEA-8BF9-488F-8854-72B127B8F206}.Release|Any CPU.Build.0 = Release|Any CPU
		{7921AAEA-8BF9-488F-8854-72B127B8F206}.Release|ARM.ActiveCfg = Release|Any CPU
		{7921AAEA-8BF9-488F-8854-72B127B8F206}.Release|ARM.Build.0 = Release|Any CPU
		{7921AAEA-8BF9-488F-8854-72B127B8F206}.Release|iPhone.ActiveCfg = Release|Any CPU
		{7921AAEA-8BF9-488F-8854-72B127B8F206}.Release|iPhone.Build.0 = Release|Any CPU
		{7921AAEA-8BF9-488F-8854-72B127B8F206}.Release|iPhoneSimulator.ActiveCfg = Release|Any CPU
		{7921AAEA-8BF9-488F-8854-72B127B8F206}.Release|iPhoneSimulator.Build.0 = Release|Any CPU
		{7921AAEA-8BF9-488F-8854-72B127B8F206}.Release|x64.ActiveCfg = Release|Any CPU
		{7921AAEA-8BF9-488F-8854-72B127B8F206}.Release|x64.Build.0 = Release|Any CPU
		{7921AAEA-8BF9-488F-8854-72B127B8F206}.Release|x86.ActiveCfg = Release|Any CPU
		{7921AAEA-8BF9-488F-8854-72B127B8F206}.Release|x86.Build.0 = Release|Any CPU
		{0CCE5E6A-84E6-4D81-80E8-B8E7EC38746D}.Ad-Hoc|Any CPU.ActiveCfg = Debug|Any CPU
		{0CCE5E6A-84E6-4D81-80E8-B8E7EC38746D}.Ad-Hoc|Any CPU.Build.0 = Debug|Any CPU
		{0CCE5E6A-84E6-4D81-80E8-B8E7EC38746D}.Ad-Hoc|ARM.ActiveCfg = Debug|Any CPU
		{0CCE5E6A-84E6-4D81-80E8-B8E7EC38746D}.Ad-Hoc|ARM.Build.0 = Debug|Any CPU
		{0CCE5E6A-84E6-4D81-80E8-B8E7EC38746D}.Ad-Hoc|iPhone.ActiveCfg = Debug|Any CPU
		{0CCE5E6A-84E6-4D81-80E8-B8E7EC38746D}.Ad-Hoc|iPhone.Build.0 = Debug|Any CPU
		{0CCE5E6A-84E6-4D81-80E8-B8E7EC38746D}.Ad-Hoc|iPhoneSimulator.ActiveCfg = Debug|Any CPU
		{0CCE5E6A-84E6-4D81-80E8-B8E7EC38746D}.Ad-Hoc|iPhoneSimulator.Build.0 = Debug|Any CPU
		{0CCE5E6A-84E6-4D81-80E8-B8E7EC38746D}.Ad-Hoc|x64.ActiveCfg = Debug|Any CPU
		{0CCE5E6A-84E6-4D81-80E8-B8E7EC38746D}.Ad-Hoc|x64.Build.0 = Debug|Any CPU
		{0CCE5E6A-84E6-4D81-80E8-B8E7EC38746D}.Ad-Hoc|x86.ActiveCfg = Debug|Any CPU
		{0CCE5E6A-84E6-4D81-80E8-B8E7EC38746D}.Ad-Hoc|x86.Build.0 = Debug|Any CPU
		{0CCE5E6A-84E6-4D81-80E8-B8E7EC38746D}.AppStore|Any CPU.ActiveCfg = Debug|Any CPU
		{0CCE5E6A-84E6-4D81-80E8-B8E7EC38746D}.AppStore|Any CPU.Build.0 = Debug|Any CPU
		{0CCE5E6A-84E6-4D81-80E8-B8E7EC38746D}.AppStore|ARM.ActiveCfg = Debug|Any CPU
		{0CCE5E6A-84E6-4D81-80E8-B8E7EC38746D}.AppStore|ARM.Build.0 = Debug|Any CPU
		{0CCE5E6A-84E6-4D81-80E8-B8E7EC38746D}.AppStore|iPhone.ActiveCfg = Debug|Any CPU
		{0CCE5E6A-84E6-4D81-80E8-B8E7EC38746D}.AppStore|iPhone.Build.0 = Debug|Any CPU
		{0CCE5E6A-84E6-4D81-80E8-B8E7EC38746D}.AppStore|iPhoneSimulator.ActiveCfg = Debug|Any CPU
		{0CCE5E6A-84E6-4D81-80E8-B8E7EC38746D}.AppStore|iPhoneSimulator.Build.0 = Debug|Any CPU
		{0CCE5E6A-84E6-4D81-80E8-B8E7EC38746D}.AppStore|x64.ActiveCfg = Debug|Any CPU
		{0CCE5E6A-84E6-4D81-80E8-B8E7EC38746D}.AppStore|x64.Build.0 = Debug|Any CPU
		{0CCE5E6A-84E6-4D81-80E8-B8E7EC38746D}.AppStore|x86.ActiveCfg = Debug|Any CPU
		{0CCE5E6A-84E6-4D81-80E8-B8E7EC38746D}.AppStore|x86.Build.0 = Debug|Any CPU
		{0CCE5E6A-84E6-4D81-80E8-B8E7EC38746D}.Debug|Any CPU.ActiveCfg = Debug|Any CPU
		{0CCE5E6A-84E6-4D81-80E8-B8E7EC38746D}.Debug|Any CPU.Build.0 = Debug|Any CPU
		{0CCE5E6A-84E6-4D81-80E8-B8E7EC38746D}.Debug|ARM.ActiveCfg = Debug|Any CPU
		{0CCE5E6A-84E6-4D81-80E8-B8E7EC38746D}.Debug|ARM.Build.0 = Debug|Any CPU
		{0CCE5E6A-84E6-4D81-80E8-B8E7EC38746D}.Debug|iPhone.ActiveCfg = Debug|Any CPU
		{0CCE5E6A-84E6-4D81-80E8-B8E7EC38746D}.Debug|iPhone.Build.0 = Debug|Any CPU
		{0CCE5E6A-84E6-4D81-80E8-B8E7EC38746D}.Debug|iPhoneSimulator.ActiveCfg = Debug|Any CPU
		{0CCE5E6A-84E6-4D81-80E8-B8E7EC38746D}.Debug|iPhoneSimulator.Build.0 = Debug|Any CPU
		{0CCE5E6A-84E6-4D81-80E8-B8E7EC38746D}.Debug|x64.ActiveCfg = Debug|Any CPU
		{0CCE5E6A-84E6-4D81-80E8-B8E7EC38746D}.Debug|x64.Build.0 = Debug|Any CPU
		{0CCE5E6A-84E6-4D81-80E8-B8E7EC38746D}.Debug|x86.ActiveCfg = Debug|Any CPU
		{0CCE5E6A-84E6-4D81-80E8-B8E7EC38746D}.Debug|x86.Build.0 = Debug|Any CPU
		{0CCE5E6A-84E6-4D81-80E8-B8E7EC38746D}.Release|Any CPU.ActiveCfg = Release|Any CPU
		{0CCE5E6A-84E6-4D81-80E8-B8E7EC38746D}.Release|Any CPU.Build.0 = Release|Any CPU
		{0CCE5E6A-84E6-4D81-80E8-B8E7EC38746D}.Release|ARM.ActiveCfg = Release|Any CPU
		{0CCE5E6A-84E6-4D81-80E8-B8E7EC38746D}.Release|ARM.Build.0 = Release|Any CPU
		{0CCE5E6A-84E6-4D81-80E8-B8E7EC38746D}.Release|iPhone.ActiveCfg = Release|Any CPU
		{0CCE5E6A-84E6-4D81-80E8-B8E7EC38746D}.Release|iPhone.Build.0 = Release|Any CPU
		{0CCE5E6A-84E6-4D81-80E8-B8E7EC38746D}.Release|iPhoneSimulator.ActiveCfg = Release|Any CPU
		{0CCE5E6A-84E6-4D81-80E8-B8E7EC38746D}.Release|iPhoneSimulator.Build.0 = Release|Any CPU
		{0CCE5E6A-84E6-4D81-80E8-B8E7EC38746D}.Release|x64.ActiveCfg = Release|Any CPU
		{0CCE5E6A-84E6-4D81-80E8-B8E7EC38746D}.Release|x64.Build.0 = Release|Any CPU
		{0CCE5E6A-84E6-4D81-80E8-B8E7EC38746D}.Release|x86.ActiveCfg = Release|Any CPU
		{0CCE5E6A-84E6-4D81-80E8-B8E7EC38746D}.Release|x86.Build.0 = Release|Any CPU
	EndGlobalSection
	GlobalSection(SolutionProperties) = preSolution
		HideSolutionNode = FALSE
	EndGlobalSection
	GlobalSection(ExtensibilityGlobals) = postSolution
		SolutionGuid = {5F459563-FD04-4F91-A301-D923EA594BDA}
	EndGlobalSection
EndGlobal
