
Microsoft Visual Studio Solution File, Format Version 12.00
# Visual Studio 15
VisualStudioVersion = 15.0.27130.2010
MinimumVisualStudioVersion = 10.0.40219.1
Project("{FAE04EC0-301F-11D3-BF4B-00C04F79EFBC}") = "XamlSamples.Android", "XamlSamples\XamlSamples.Android\XamlSamples.Android.csproj", "{2052BD60-7E73-4416-BC9E-AB8514B56A66}"
EndProject
Project("{FAE04EC0-301F-11D3-BF4B-00C04F79EFBC}") = "XamlSamples.iOS", "XamlSamples\XamlSamples.iOS\XamlSamples.iOS.csproj", "{CFC36C51-819A-46F2-845D-7A350BA0EF6F}"
EndProject
Project("{FAE04EC0-301F-11D3-BF4B-00C04F79EFBC}") = "XamlSamples.UWP", "XamlSamples\XamlSamples.UWP\XamlSamples.UWP.csproj", "{81F51826-8913-4D3D-9051-2EDC37A610BF}"
EndProject
Project("{FAE04EC0-301F-11D3-BF4B-00C04F79EFBC}") = "XamlSamples", "XamlSamples\XamlSamples\XamlSamples.csproj", "{D7FDE2C2-74EC-4FA0-8693-D5E0765B0349}"
EndProject
Global
	GlobalSection(SolutionConfigurationPlatforms) = preSolution
		Ad-Hoc|Any CPU = Ad-Hoc|Any CPU
		Ad-Hoc|ARM = Ad-Hoc|ARM
		Ad-Hoc|iPhone = Ad-Hoc|iPhone
		Ad-Hoc|iPhoneSimulator = Ad-Hoc|iPhoneSimulator
		Ad-Hoc|x64 = Ad-Hoc|x64
		Ad-Hoc|x86 = Ad-Hoc|x86
		AppStore|Any CPU = AppStore|Any CPU
		AppStore|ARM = AppStore|ARM
		AppStore|iPhone = AppStore|iPhone
		AppStore|iPhoneSimulator = AppStore|iPhoneSimulator
		AppStore|x64 = AppStore|x64
		AppStore|x86 = AppStore|x86
		Debug|Any CPU = Debug|Any CPU
		Debug|ARM = Debug|ARM
		Debug|iPhone = Debug|iPhone
		Debug|iPhoneSimulator = Debug|iPhoneSimulator
		Debug|x64 = Debug|x64
		Debug|x86 = Debug|x86
		Release|Any CPU = Release|Any CPU
		Release|ARM = Release|ARM
		Release|iPhone = Release|iPhone
		Release|iPhoneSimulator = Release|iPhoneSimulator
		Release|x64 = Release|x64
		Release|x86 = Release|x86
	EndGlobalSection
	GlobalSection(ProjectConfigurationPlatforms) = postSolution
		{2052BD60-7E73-4416-BC9E-AB8514B56A66}.Ad-Hoc|Any CPU.ActiveCfg = Release|Any CPU
		{2052BD60-7E73-4416-BC9E-AB8514B56A66}.Ad-Hoc|Any CPU.Build.0 = Release|Any CPU
		{2052BD60-7E73-4416-BC9E-AB8514B56A66}.Ad-Hoc|Any CPU.Deploy.0 = Release|Any CPU
		{2052BD60-7E73-4416-BC9E-AB8514B56A66}.Ad-Hoc|ARM.ActiveCfg = Release|Any CPU
		{2052BD60-7E73-4416-BC9E-AB8514B56A66}.Ad-Hoc|ARM.Build.0 = Release|Any CPU
		{2052BD60-7E73-4416-BC9E-AB8514B56A66}.Ad-Hoc|ARM.Deploy.0 = Release|Any CPU
		{2052BD60-7E73-4416-BC9E-AB8514B56A66}.Ad-Hoc|iPhone.ActiveCfg = Release|Any CPU
		{2052BD60-7E73-4416-BC9E-AB8514B56A66}.Ad-Hoc|iPhone.Build.0 = Release|Any CPU
		{2052BD60-7E73-4416-BC9E-AB8514B56A66}.Ad-Hoc|iPhone.Deploy.0 = Release|Any CPU
		{2052BD60-7E73-4416-BC9E-AB8514B56A66}.Ad-Hoc|iPhoneSimulator.ActiveCfg = Release|Any CPU
		{2052BD60-7E73-4416-BC9E-AB8514B56A66}.Ad-Hoc|iPhoneSimulator.Build.0 = Release|Any CPU
		{2052BD60-7E73-4416-BC9E-AB8514B56A66}.Ad-Hoc|iPhoneSimulator.Deploy.0 = Release|Any CPU
		{2052BD60-7E73-4416-BC9E-AB8514B56A66}.Ad-Hoc|x64.ActiveCfg = Release|Any CPU
		{2052BD60-7E73-4416-BC9E-AB8514B56A66}.Ad-Hoc|x64.Build.0 = Release|Any CPU
		{2052BD60-7E73-4416-BC9E-AB8514B56A66}.Ad-Hoc|x64.Deploy.0 = Release|Any CPU
		{2052BD60-7E73-4416-BC9E-AB8514B56A66}.Ad-Hoc|x86.ActiveCfg = Release|Any CPU
		{2052BD60-7E73-4416-BC9E-AB8514B56A66}.Ad-Hoc|x86.Build.0 = Release|Any CPU
		{2052BD60-7E73-4416-BC9E-AB8514B56A66}.Ad-Hoc|x86.Deploy.0 = Release|Any CPU
		{2052BD60-7E73-4416-BC9E-AB8514B56A66}.AppStore|Any CPU.ActiveCfg = Release|Any CPU
		{2052BD60-7E73-4416-BC9E-AB8514B56A66}.AppStore|Any CPU.Build.0 = Release|Any CPU
		{2052BD60-7E73-4416-BC9E-AB8514B56A66}.AppStore|Any CPU.Deploy.0 = Release|Any CPU
		{2052BD60-7E73-4416-BC9E-AB8514B56A66}.AppStore|ARM.ActiveCfg = Release|Any CPU
		{2052BD60-7E73-4416-BC9E-AB8514B56A66}.AppStore|ARM.Build.0 = Release|Any CPU
		{2052BD60-7E73-4416-BC9E-AB8514B56A66}.AppStore|ARM.Deploy.0 = Release|Any CPU
		{2052BD60-7E73-4416-BC9E-AB8514B56A66}.AppStore|iPhone.ActiveCfg = Release|Any CPU
		{2052BD60-7E73-4416-BC9E-AB8514B56A66}.AppStore|iPhone.Build.0 = Release|Any CPU
		{2052BD60-7E73-4416-BC9E-AB8514B56A66}.AppStore|iPhone.Deploy.0 = Release|Any CPU
		{2052BD60-7E73-4416-BC9E-AB8514B56A66}.AppStore|iPhoneSimulator.ActiveCfg = Release|Any CPU
		{2052BD60-7E73-4416-BC9E-AB8514B56A66}.AppStore|iPhoneSimulator.Build.0 = Release|Any CPU
		{2052BD60-7E73-4416-BC9E-AB8514B56A66}.AppStore|iPhoneSimulator.Deploy.0 = Release|Any CPU
		{2052BD60-7E73-4416-BC9E-AB8514B56A66}.AppStore|x64.ActiveCfg = Release|Any CPU
		{2052BD60-7E73-4416-BC9E-AB8514B56A66}.AppStore|x64.Build.0 = Release|Any CPU
		{2052BD60-7E73-4416-BC9E-AB8514B56A66}.AppStore|x64.Deploy.0 = Release|Any CPU
		{2052BD60-7E73-4416-BC9E-AB8514B56A66}.AppStore|x86.ActiveCfg = Release|Any CPU
		{2052BD60-7E73-4416-BC9E-AB8514B56A66}.AppStore|x86.Build.0 = Release|Any CPU
		{2052BD60-7E73-4416-BC9E-AB8514B56A66}.AppStore|x86.Deploy.0 = Release|Any CPU
		{2052BD60-7E73-4416-BC9E-AB8514B56A66}.Debug|Any CPU.ActiveCfg = Debug|Any CPU
		{2052BD60-7E73-4416-BC9E-AB8514B56A66}.Debug|Any CPU.Build.0 = Debug|Any CPU
		{2052BD60-7E73-4416-BC9E-AB8514B56A66}.Debug|Any CPU.Deploy.0 = Debug|Any CPU
		{2052BD60-7E73-4416-BC9E-AB8514B56A66}.Debug|ARM.ActiveCfg = Debug|Any CPU
		{2052BD60-7E73-4416-BC9E-AB8514B56A66}.Debug|ARM.Build.0 = Debug|Any CPU
		{2052BD60-7E73-4416-BC9E-AB8514B56A66}.Debug|ARM.Deploy.0 = Debug|Any CPU
		{2052BD60-7E73-4416-BC9E-AB8514B56A66}.Debug|iPhone.ActiveCfg = Debug|Any CPU
		{2052BD60-7E73-4416-BC9E-AB8514B56A66}.Debug|iPhone.Build.0 = Debug|Any CPU
		{2052BD60-7E73-4416-BC9E-AB8514B56A66}.Debug|iPhone.Deploy.0 = Debug|Any CPU
		{2052BD60-7E73-4416-BC9E-AB8514B56A66}.Debug|iPhoneSimulator.ActiveCfg = Debug|Any CPU
		{2052BD60-7E73-4416-BC9E-AB8514B56A66}.Debug|iPhoneSimulator.Build.0 = Debug|Any CPU
		{2052BD60-7E73-4416-BC9E-AB8514B56A66}.Debug|iPhoneSimulator.Deploy.0 = Debug|Any CPU
		{2052BD60-7E73-4416-BC9E-AB8514B56A66}.Debug|x64.ActiveCfg = Debug|Any CPU
		{2052BD60-7E73-4416-BC9E-AB8514B56A66}.Debug|x64.Build.0 = Debug|Any CPU
		{2052BD60-7E73-4416-BC9E-AB8514B56A66}.Debug|x64.Deploy.0 = Debug|Any CPU
		{2052BD60-7E73-4416-BC9E-AB8514B56A66}.Debug|x86.ActiveCfg = Debug|Any CPU
		{2052BD60-7E73-4416-BC9E-AB8514B56A66}.Debug|x86.Build.0 = Debug|Any CPU
		{2052BD60-7E73-4416-BC9E-AB8514B56A66}.Debug|x86.Deploy.0 = Debug|Any CPU
		{2052BD60-7E73-4416-BC9E-AB8514B56A66}.Release|Any CPU.ActiveCfg = Release|Any CPU
		{2052BD60-7E73-4416-BC9E-AB8514B56A66}.Release|Any CPU.Build.0 = Release|Any CPU
		{2052BD60-7E73-4416-BC9E-AB8514B56A66}.Release|Any CPU.Deploy.0 = Release|Any CPU
		{2052BD60-7E73-4416-BC9E-AB8514B56A66}.Release|ARM.ActiveCfg = Release|Any CPU
		{2052BD60-7E73-4416-BC9E-AB8514B56A66}.Release|ARM.Build.0 = Release|Any CPU
		{2052BD60-7E73-4416-BC9E-AB8514B56A66}.Release|ARM.Deploy.0 = Release|Any CPU
		{2052BD60-7E73-4416-BC9E-AB8514B56A66}.Release|iPhone.ActiveCfg = Release|Any CPU
		{2052BD60-7E73-4416-BC9E-AB8514B56A66}.Release|iPhone.Build.0 = Release|Any CPU
		{2052BD60-7E73-4416-BC9E-AB8514B56A66}.Release|iPhone.Deploy.0 = Release|Any CPU
		{2052BD60-7E73-4416-BC9E-AB8514B56A66}.Release|iPhoneSimulator.ActiveCfg = Release|Any CPU
		{2052BD60-7E73-4416-BC9E-AB8514B56A66}.Release|iPhoneSimulator.Build.0 = Release|Any CPU
		{2052BD60-7E73-4416-BC9E-AB8514B56A66}.Release|iPhoneSimulator.Deploy.0 = Release|Any CPU
		{2052BD60-7E73-4416-BC9E-AB8514B56A66}.Release|x64.ActiveCfg = Release|Any CPU
		{2052BD60-7E73-4416-BC9E-AB8514B56A66}.Release|x64.Build.0 = Release|Any CPU
		{2052BD60-7E73-4416-BC9E-AB8514B56A66}.Release|x64.Deploy.0 = Release|Any CPU
		{2052BD60-7E73-4416-BC9E-AB8514B56A66}.Release|x86.ActiveCfg = Release|Any CPU
		{2052BD60-7E73-4416-BC9E-AB8514B56A66}.Release|x86.Build.0 = Release|Any CPU
		{2052BD60-7E73-4416-BC9E-AB8514B56A66}.Release|x86.Deploy.0 = Release|Any CPU
		{CFC36C51-819A-46F2-845D-7A350BA0EF6F}.Ad-Hoc|Any CPU.ActiveCfg = Ad-Hoc|iPhone
		{CFC36C51-819A-46F2-845D-7A350BA0EF6F}.Ad-Hoc|ARM.ActiveCfg = Ad-Hoc|iPhone
		{CFC36C51-819A-46F2-845D-7A350BA0EF6F}.Ad-Hoc|iPhone.ActiveCfg = Ad-Hoc|iPhone
		{CFC36C51-819A-46F2-845D-7A350BA0EF6F}.Ad-Hoc|iPhone.Build.0 = Ad-Hoc|iPhone
		{CFC36C51-819A-46F2-845D-7A350BA0EF6F}.Ad-Hoc|iPhoneSimulator.ActiveCfg = Ad-Hoc|iPhoneSimulator
		{CFC36C51-819A-46F2-845D-7A350BA0EF6F}.Ad-Hoc|iPhoneSimulator.Build.0 = Ad-Hoc|iPhoneSimulator
		{CFC36C51-819A-46F2-845D-7A350BA0EF6F}.Ad-Hoc|x64.ActiveCfg = Ad-Hoc|iPhone
		{CFC36C51-819A-46F2-845D-7A350BA0EF6F}.Ad-Hoc|x86.ActiveCfg = Ad-Hoc|iPhone
		{CFC36C51-819A-46F2-845D-7A350BA0EF6F}.AppStore|Any CPU.ActiveCfg = AppStore|iPhone
		{CFC36C51-819A-46F2-845D-7A350BA0EF6F}.AppStore|ARM.ActiveCfg = AppStore|iPhone
		{CFC36C51-819A-46F2-845D-7A350BA0EF6F}.AppStore|iPhone.ActiveCfg = AppStore|iPhone
		{CFC36C51-819A-46F2-845D-7A350BA0EF6F}.AppStore|iPhone.Build.0 = AppStore|iPhone
		{CFC36C51-819A-46F2-845D-7A350BA0EF6F}.AppStore|iPhoneSimulator.ActiveCfg = AppStore|iPhoneSimulator
		{CFC36C51-819A-46F2-845D-7A350BA0EF6F}.AppStore|iPhoneSimulator.Build.0 = AppStore|iPhoneSimulator
		{CFC36C51-819A-46F2-845D-7A350BA0EF6F}.AppStore|x64.ActiveCfg = AppStore|iPhone
		{CFC36C51-819A-46F2-845D-7A350BA0EF6F}.AppStore|x86.ActiveCfg = AppStore|iPhone
		{CFC36C51-819A-46F2-845D-7A350BA0EF6F}.Debug|Any CPU.ActiveCfg = Debug|iPhone
		{CFC36C51-819A-46F2-845D-7A350BA0EF6F}.Debug|ARM.ActiveCfg = Debug|iPhone
		{CFC36C51-819A-46F2-845D-7A350BA0EF6F}.Debug|iPhone.ActiveCfg = Debug|iPhone
		{CFC36C51-819A-46F2-845D-7A350BA0EF6F}.Debug|iPhone.Build.0 = Debug|iPhone
		{CFC36C51-819A-46F2-845D-7A350BA0EF6F}.Debug|iPhoneSimulator.ActiveCfg = Debug|iPhoneSimulator
		{CFC36C51-819A-46F2-845D-7A350BA0EF6F}.Debug|iPhoneSimulator.Build.0 = Debug|iPhoneSimulator
		{CFC36C51-819A-46F2-845D-7A350BA0EF6F}.Debug|x64.ActiveCfg = Debug|iPhone
		{CFC36C51-819A-46F2-845D-7A350BA0EF6F}.Debug|x86.ActiveCfg = Debug|iPhone
		{CFC36C51-819A-46F2-845D-7A350BA0EF6F}.Release|Any CPU.ActiveCfg = Release|iPhone
		{CFC36C51-819A-46F2-845D-7A350BA0EF6F}.Release|ARM.ActiveCfg = Release|iPhone
		{CFC36C51-819A-46F2-845D-7A350BA0EF6F}.Release|iPhone.ActiveCfg = Release|iPhone
		{CFC36C51-819A-46F2-845D-7A350BA0EF6F}.Release|iPhone.Build.0 = Release|iPhone
		{CFC36C51-819A-46F2-845D-7A350BA0EF6F}.Release|iPhoneSimulator.ActiveCfg = Release|iPhoneSimulator
		{CFC36C51-819A-46F2-845D-7A350BA0EF6F}.Release|iPhoneSimulator.Build.0 = Release|iPhoneSimulator
		{CFC36C51-819A-46F2-845D-7A350BA0EF6F}.Release|x64.ActiveCfg = Release|iPhone
		{CFC36C51-819A-46F2-845D-7A350BA0EF6F}.Release|x86.ActiveCfg = Release|iPhone
		{81F51826-8913-4D3D-9051-2EDC37A610BF}.Ad-Hoc|Any CPU.ActiveCfg = Release|x86
		{81F51826-8913-4D3D-9051-2EDC37A610BF}.Ad-Hoc|Any CPU.Build.0 = Release|x86
		{81F51826-8913-4D3D-9051-2EDC37A610BF}.Ad-Hoc|Any CPU.Deploy.0 = Release|x86
		{81F51826-8913-4D3D-9051-2EDC37A610BF}.Ad-Hoc|ARM.ActiveCfg = Release|ARM
		{81F51826-8913-4D3D-9051-2EDC37A610BF}.Ad-Hoc|ARM.Build.0 = Release|ARM
		{81F51826-8913-4D3D-9051-2EDC37A610BF}.Ad-Hoc|ARM.Deploy.0 = Release|ARM
		{81F51826-8913-4D3D-9051-2EDC37A610BF}.Ad-Hoc|iPhone.ActiveCfg = Release|x86
		{81F51826-8913-4D3D-9051-2EDC37A610BF}.Ad-Hoc|iPhone.Build.0 = Release|x86
		{81F51826-8913-4D3D-9051-2EDC37A610BF}.Ad-Hoc|iPhone.Deploy.0 = Release|x86
		{81F51826-8913-4D3D-9051-2EDC37A610BF}.Ad-Hoc|iPhoneSimulator.ActiveCfg = Release|x86
		{81F51826-8913-4D3D-9051-2EDC37A610BF}.Ad-Hoc|iPhoneSimulator.Build.0 = Release|x86
		{81F51826-8913-4D3D-9051-2EDC37A610BF}.Ad-Hoc|iPhoneSimulator.Deploy.0 = Release|x86
		{81F51826-8913-4D3D-9051-2EDC37A610BF}.Ad-Hoc|x64.ActiveCfg = Release|x64
		{81F51826-8913-4D3D-9051-2EDC37A610BF}.Ad-Hoc|x64.Build.0 = Release|x64
		{81F51826-8913-4D3D-9051-2EDC37A610BF}.Ad-Hoc|x64.Deploy.0 = Release|x64
		{81F51826-8913-4D3D-9051-2EDC37A610BF}.Ad-Hoc|x86.ActiveCfg = Release|x86
		{81F51826-8913-4D3D-9051-2EDC37A610BF}.Ad-Hoc|x86.Build.0 = Release|x86
		{81F51826-8913-4D3D-9051-2EDC37A610BF}.Ad-Hoc|x86.Deploy.0 = Release|x86
		{81F51826-8913-4D3D-9051-2EDC37A610BF}.AppStore|Any CPU.ActiveCfg = Release|x86
		{81F51826-8913-4D3D-9051-2EDC37A610BF}.AppStore|Any CPU.Build.0 = Release|x86
		{81F51826-8913-4D3D-9051-2EDC37A610BF}.AppStore|Any CPU.Deploy.0 = Release|x86
		{81F51826-8913-4D3D-9051-2EDC37A610BF}.AppStore|ARM.ActiveCfg = Release|ARM
		{81F51826-8913-4D3D-9051-2EDC37A610BF}.AppStore|ARM.Build.0 = Release|ARM
		{81F51826-8913-4D3D-9051-2EDC37A610BF}.AppStore|ARM.Deploy.0 = Release|ARM
		{81F51826-8913-4D3D-9051-2EDC37A610BF}.AppStore|iPhone.ActiveCfg = Release|x86
		{81F51826-8913-4D3D-9051-2EDC37A610BF}.AppStore|iPhone.Build.0 = Release|x86
		{81F51826-8913-4D3D-9051-2EDC37A610BF}.AppStore|iPhone.Deploy.0 = Release|x86
		{81F51826-8913-4D3D-9051-2EDC37A610BF}.AppStore|iPhoneSimulator.ActiveCfg = Release|x86
		{81F51826-8913-4D3D-9051-2EDC37A610BF}.AppStore|iPhoneSimulator.Build.0 = Release|x86
		{81F51826-8913-4D3D-9051-2EDC37A610BF}.AppStore|iPhoneSimulator.Deploy.0 = Release|x86
		{81F51826-8913-4D3D-9051-2EDC37A610BF}.AppStore|x64.ActiveCfg = Release|x64
		{81F51826-8913-4D3D-9051-2EDC37A610BF}.AppStore|x64.Build.0 = Release|x64
		{81F51826-8913-4D3D-9051-2EDC37A610BF}.AppStore|x64.Deploy.0 = Release|x64
		{81F51826-8913-4D3D-9051-2EDC37A610BF}.AppStore|x86.ActiveCfg = Release|x86
		{81F51826-8913-4D3D-9051-2EDC37A610BF}.AppStore|x86.Build.0 = Release|x86
		{81F51826-8913-4D3D-9051-2EDC37A610BF}.AppStore|x86.Deploy.0 = Release|x86
		{81F51826-8913-4D3D-9051-2EDC37A610BF}.Debug|Any CPU.ActiveCfg = Debug|x86
		{81F51826-8913-4D3D-9051-2EDC37A610BF}.Debug|ARM.ActiveCfg = Debug|ARM
		{81F51826-8913-4D3D-9051-2EDC37A610BF}.Debug|ARM.Build.0 = Debug|ARM
		{81F51826-8913-4D3D-9051-2EDC37A610BF}.Debug|ARM.Deploy.0 = Debug|ARM
		{81F51826-8913-4D3D-9051-2EDC37A610BF}.Debug|iPhone.ActiveCfg = Debug|x86
		{81F51826-8913-4D3D-9051-2EDC37A610BF}.Debug|iPhoneSimulator.ActiveCfg = Debug|x86
		{81F51826-8913-4D3D-9051-2EDC37A610BF}.Debug|x64.ActiveCfg = Debug|x64
		{81F51826-8913-4D3D-9051-2EDC37A610BF}.Debug|x64.Build.0 = Debug|x64
		{81F51826-8913-4D3D-9051-2EDC37A610BF}.Debug|x64.Deploy.0 = Debug|x64
		{81F51826-8913-4D3D-9051-2EDC37A610BF}.Debug|x86.ActiveCfg = Debug|x86
		{81F51826-8913-4D3D-9051-2EDC37A610BF}.Debug|x86.Build.0 = Debug|x86
		{81F51826-8913-4D3D-9051-2EDC37A610BF}.Debug|x86.Deploy.0 = Debug|x86
		{81F51826-8913-4D3D-9051-2EDC37A610BF}.Release|Any CPU.ActiveCfg = Release|x86
		{81F51826-8913-4D3D-9051-2EDC37A610BF}.Release|ARM.ActiveCfg = Release|ARM
		{81F51826-8913-4D3D-9051-2EDC37A610BF}.Release|ARM.Build.0 = Release|ARM
		{81F51826-8913-4D3D-9051-2EDC37A610BF}.Release|ARM.Deploy.0 = Release|ARM
		{81F51826-8913-4D3D-9051-2EDC37A610BF}.Release|iPhone.ActiveCfg = Release|x86
		{81F51826-8913-4D3D-9051-2EDC37A610BF}.Release|iPhoneSimulator.ActiveCfg = Release|x86
		{81F51826-8913-4D3D-9051-2EDC37A610BF}.Release|x64.ActiveCfg = Release|x64
		{81F51826-8913-4D3D-9051-2EDC37A610BF}.Release|x64.Build.0 = Release|x64
		{81F51826-8913-4D3D-9051-2EDC37A610BF}.Release|x64.Deploy.0 = Release|x64
		{81F51826-8913-4D3D-9051-2EDC37A610BF}.Release|x86.ActiveCfg = Release|x86
		{81F51826-8913-4D3D-9051-2EDC37A610BF}.Release|x86.Build.0 = Release|x86
		{81F51826-8913-4D3D-9051-2EDC37A610BF}.Release|x86.Deploy.0 = Release|x86
		{D7FDE2C2-74EC-4FA0-8693-D5E0765B0349}.Ad-Hoc|Any CPU.ActiveCfg = Debug|Any CPU
		{D7FDE2C2-74EC-4FA0-8693-D5E0765B0349}.Ad-Hoc|Any CPU.Build.0 = Debug|Any CPU
		{D7FDE2C2-74EC-4FA0-8693-D5E0765B0349}.Ad-Hoc|ARM.ActiveCfg = Debug|Any CPU
		{D7FDE2C2-74EC-4FA0-8693-D5E0765B0349}.Ad-Hoc|ARM.Build.0 = Debug|Any CPU
		{D7FDE2C2-74EC-4FA0-8693-D5E0765B0349}.Ad-Hoc|iPhone.ActiveCfg = Debug|Any CPU
		{D7FDE2C2-74EC-4FA0-8693-D5E0765B0349}.Ad-Hoc|iPhone.Build.0 = Debug|Any CPU
		{D7FDE2C2-74EC-4FA0-8693-D5E0765B0349}.Ad-Hoc|iPhoneSimulator.ActiveCfg = Debug|Any CPU
		{D7FDE2C2-74EC-4FA0-8693-D5E0765B0349}.Ad-Hoc|iPhoneSimulator.Build.0 = Debug|Any CPU
		{D7FDE2C2-74EC-4FA0-8693-D5E0765B0349}.Ad-Hoc|x64.ActiveCfg = Debug|Any CPU
		{D7FDE2C2-74EC-4FA0-8693-D5E0765B0349}.Ad-Hoc|x64.Build.0 = Debug|Any CPU
		{D7FDE2C2-74EC-4FA0-8693-D5E0765B0349}.Ad-Hoc|x86.ActiveCfg = Debug|Any CPU
		{D7FDE2C2-74EC-4FA0-8693-D5E0765B0349}.Ad-Hoc|x86.Build.0 = Debug|Any CPU
		{D7FDE2C2-74EC-4FA0-8693-D5E0765B0349}.AppStore|Any CPU.ActiveCfg = Debug|Any CPU
		{D7FDE2C2-74EC-4FA0-8693-D5E0765B0349}.AppStore|Any CPU.Build.0 = Debug|Any CPU
		{D7FDE2C2-74EC-4FA0-8693-D5E0765B0349}.AppStore|ARM.ActiveCfg = Debug|Any CPU
		{D7FDE2C2-74EC-4FA0-8693-D5E0765B0349}.AppStore|ARM.Build.0 = Debug|Any CPU
		{D7FDE2C2-74EC-4FA0-8693-D5E0765B0349}.AppStore|iPhone.ActiveCfg = Debug|Any CPU
		{D7FDE2C2-74EC-4FA0-8693-D5E0765B0349}.AppStore|iPhone.Build.0 = Debug|Any CPU
		{D7FDE2C2-74EC-4FA0-8693-D5E0765B0349}.AppStore|iPhoneSimulator.ActiveCfg = Debug|Any CPU
		{D7FDE2C2-74EC-4FA0-8693-D5E0765B0349}.AppStore|iPhoneSimulator.Build.0 = Debug|Any CPU
		{D7FDE2C2-74EC-4FA0-8693-D5E0765B0349}.AppStore|x64.ActiveCfg = Debug|Any CPU
		{D7FDE2C2-74EC-4FA0-8693-D5E0765B0349}.AppStore|x64.Build.0 = Debug|Any CPU
		{D7FDE2C2-74EC-4FA0-8693-D5E0765B0349}.AppStore|x86.ActiveCfg = Debug|Any CPU
		{D7FDE2C2-74EC-4FA0-8693-D5E0765B0349}.AppStore|x86.Build.0 = Debug|Any CPU
		{D7FDE2C2-74EC-4FA0-8693-D5E0765B0349}.Debug|Any CPU.ActiveCfg = Debug|Any CPU
		{D7FDE2C2-74EC-4FA0-8693-D5E0765B0349}.Debug|Any CPU.Build.0 = Debug|Any CPU
		{D7FDE2C2-74EC-4FA0-8693-D5E0765B0349}.Debug|ARM.ActiveCfg = Debug|Any CPU
		{D7FDE2C2-74EC-4FA0-8693-D5E0765B0349}.Debug|ARM.Build.0 = Debug|Any CPU
		{D7FDE2C2-74EC-4FA0-8693-D5E0765B0349}.Debug|iPhone.ActiveCfg = Debug|Any CPU
		{D7FDE2C2-74EC-4FA0-8693-D5E0765B0349}.Debug|iPhone.Build.0 = Debug|Any CPU
		{D7FDE2C2-74EC-4FA0-8693-D5E0765B0349}.Debug|iPhoneSimulator.ActiveCfg = Debug|Any CPU
		{D7FDE2C2-74EC-4FA0-8693-D5E0765B0349}.Debug|iPhoneSimulator.Build.0 = Debug|Any CPU
		{D7FDE2C2-74EC-4FA0-8693-D5E0765B0349}.Debug|x64.ActiveCfg = Debug|Any CPU
		{D7FDE2C2-74EC-4FA0-8693-D5E0765B0349}.Debug|x64.Build.0 = Debug|Any CPU
		{D7FDE2C2-74EC-4FA0-8693-D5E0765B0349}.Debug|x86.ActiveCfg = Debug|Any CPU
		{D7FDE2C2-74EC-4FA0-8693-D5E0765B0349}.Debug|x86.Build.0 = Debug|Any CPU
		{D7FDE2C2-74EC-4FA0-8693-D5E0765B0349}.Release|Any CPU.ActiveCfg = Release|Any CPU
		{D7FDE2C2-74EC-4FA0-8693-D5E0765B0349}.Release|Any CPU.Build.0 = Release|Any CPU
		{D7FDE2C2-74EC-4FA0-8693-D5E0765B0349}.Release|ARM.ActiveCfg = Release|Any CPU
		{D7FDE2C2-74EC-4FA0-8693-D5E0765B0349}.Release|ARM.Build.0 = Release|Any CPU
		{D7FDE2C2-74EC-4FA0-8693-D5E0765B0349}.Release|iPhone.ActiveCfg = Release|Any CPU
		{D7FDE2C2-74EC-4FA0-8693-D5E0765B0349}.Release|iPhone.Build.0 = Release|Any CPU
		{D7FDE2C2-74EC-4FA0-8693-D5E0765B0349}.Release|iPhoneSimulator.ActiveCfg = Release|Any CPU
		{D7FDE2C2-74EC-4FA0-8693-D5E0765B0349}.Release|iPhoneSimulator.Build.0 = Release|Any CPU
		{D7FDE2C2-74EC-4FA0-8693-D5E0765B0349}.Release|x64.ActiveCfg = Release|Any CPU
		{D7FDE2C2-74EC-4FA0-8693-D5E0765B0349}.Release|x64.Build.0 = Release|Any CPU
		{D7FDE2C2-74EC-4FA0-8693-D5E0765B0349}.Release|x86.ActiveCfg = Release|Any CPU
		{D7FDE2C2-74EC-4FA0-8693-D5E0765B0349}.Release|x86.Build.0 = Release|Any CPU
	EndGlobalSection
	GlobalSection(SolutionProperties) = preSolution
		HideSolutionNode = FALSE
	EndGlobalSection
	GlobalSection(ExtensibilityGlobals) = postSolution
		SolutionGuid = {3031F12F-4686-4781-B967-CD4C12F4EA6B}
	EndGlobalSection
EndGlobal
